<?xml version="1.0" encoding="utf-8"?>
<Project ToolsVersion="4.0" xmlns="http://schemas.microsoft.com/developer/msbuild/2003">
  <ItemGroup>
    <ClCompile Include="Source\Log.cpp">
      <Filter>Utils</Filter>
    </ClCompile>
    <ClCompile Include="Source\External\PugiXml\src\pugixml.cpp">
      <Filter>External\PugiXml</Filter>
    </ClCompile>
    <ClCompile Include="Source\Timer.cpp">
      <Filter>Game\Utils</Filter>
    </ClCompile>
    <ClCompile Include="Source\PerfTimer.cpp">
      <Filter>Game\Utils</Filter>
    </ClCompile>
    <ClCompile Include="Source\App.cpp">
      <Filter>Game</Filter>
    </ClCompile>
    <ClCompile Include="Source\Main.cpp">
      <Filter>Game</Filter>
    </ClCompile>
    <ClCompile Include="Source\Item.cpp">
      <Filter>Game\Entities\Items</Filter>
    </ClCompile>
    <ClCompile Include="Source\Player.cpp">
      <Filter>Game\Entities\Player</Filter>
    </ClCompile>
    <ClCompile Include="Source\Audio.cpp">
      <Filter>Game\Modules\Core</Filter>
    </ClCompile>
    <ClCompile Include="Source\EntityManager.cpp">
      <Filter>Game\Modules\Core</Filter>
    </ClCompile>
    <ClCompile Include="Source\Input.cpp">
      <Filter>Game\Modules\Core</Filter>
    </ClCompile>
    <ClCompile Include="Source\Map.cpp">
      <Filter>Game\Modules\GamePlay</Filter>
    </ClCompile>
    <ClCompile Include="Source\Physics.cpp">
      <Filter>Game\Modules\Core</Filter>
    </ClCompile>
    <ClCompile Include="Source\Render.cpp">
      <Filter>Game\Modules\Core</Filter>
    </ClCompile>
    <ClCompile Include="Source\Scene.cpp">
      <Filter>Game\Modules\GamePlay</Filter>
    </ClCompile>
    <ClCompile Include="Source\Textures.cpp">
      <Filter>Game\Modules\Core</Filter>
    </ClCompile>
    <ClCompile Include="Source\Window.cpp">
      <Filter>Game\Modules\Core</Filter>
    </ClCompile>
    <ClCompile Include="Source\Pathfinding.cpp">
      <Filter>Game\Modules\Core</Filter>
    </ClCompile>
    <ClCompile Include="Source\OwlEnemy.cpp">
      <Filter>Game\Entities\Enemies</Filter>
    </ClCompile>
    <ClCompile Include="Source\DogEnemy.cpp">
      <Filter>Game\Entities\Enemies</Filter>
    </ClCompile>
  </ItemGroup>
  <ItemGroup>
    <ClInclude Include="Source\Defs.h">
      <Filter>Utils</Filter>
    </ClInclude>
    <ClInclude Include="Source\DynArray.h">
      <Filter>Utils</Filter>
    </ClInclude>
    <ClInclude Include="Source\List.h">
      <Filter>Utils</Filter>
    </ClInclude>
    <ClInclude Include="Source\Log.h">
      <Filter>Utils</Filter>
    </ClInclude>
    <ClInclude Include="Source\Point.h">
      <Filter>Utils</Filter>
    </ClInclude>
    <ClInclude Include="Source\SString.h">
      <Filter>Utils</Filter>
    </ClInclude>
    <ClInclude Include="Source\External\PugiXml\src\pugiconfig.hpp">
      <Filter>External\PugiXml</Filter>
    </ClInclude>
    <ClInclude Include="Source\External\PugiXml\src\pugixml.hpp">
      <Filter>External\PugiXml</Filter>
    </ClInclude>
    <ClInclude Include="Source\Queue.h">
      <Filter>Utils</Filter>
    </ClInclude>
    <ClInclude Include="Source\Entity.h">
      <Filter>Game\Entities</Filter>
    </ClInclude>
    <ClInclude Include="Source\Timer.h">
      <Filter>Game\Utils</Filter>
    </ClInclude>
    <ClInclude Include="Source\PerfTimer.h">
      <Filter>Game\Utils</Filter>
    </ClInclude>
    <ClInclude Include="Source\App.h">
      <Filter>Game</Filter>
    </ClInclude>
    <ClInclude Include="Source\Item.h">
      <Filter>Game\Entities\Items</Filter>
    </ClInclude>
    <ClInclude Include="Source\Player.h">
      <Filter>Game\Entities\Player</Filter>
    </ClInclude>
    <ClInclude Include="Source\Audio.h">
      <Filter>Game\Modules\Core</Filter>
    </ClInclude>
    <ClInclude Include="Source\EntityManager.h">
      <Filter>Game\Modules\Core</Filter>
    </ClInclude>
    <ClInclude Include="Source\Input.h">
      <Filter>Game\Modules\Core</Filter>
    </ClInclude>
    <ClInclude Include="Source\Map.h">
      <Filter>Game\Modules\GamePlay</Filter>
    </ClInclude>
    <ClInclude Include="Source\Module.h">
      <Filter>Game\Modules</Filter>
    </ClInclude>
    <ClInclude Include="Source\Physics.h">
      <Filter>Game\Modules\Core</Filter>
    </ClInclude>
    <ClInclude Include="Source\Render.h">
      <Filter>Game\Modules\Core</Filter>
    </ClInclude>
    <ClInclude Include="Source\Scene.h">
      <Filter>Game\Modules\GamePlay</Filter>
    </ClInclude>
    <ClInclude Include="Source\Textures.h">
      <Filter>Game\Modules\Core</Filter>
    </ClInclude>
    <ClInclude Include="Source\Window.h">
      <Filter>Game\Modules\Core</Filter>
    </ClInclude>
    <ClInclude Include="Source\Animation.h">
      <Filter>Game\Modules\Core</Filter>
    </ClInclude>
    <ClInclude Include="Source\PQueue.h">
      <Filter>Utils</Filter>
    </ClInclude>
    <ClInclude Include="Source\Pathfinding.h">
      <Filter>Game\Modules\Core</Filter>
    </ClInclude>
    <ClInclude Include="Source\OwlEnemy.h">
      <Filter>Game\Entities\Enemies</Filter>
    </ClInclude>
    <ClInclude Include="Source\DogEnemy.h">
      <Filter>Game\Entities\Enemies</Filter>
    </ClInclude>
  </ItemGroup>
  <ItemGroup>
    <Filter Include="External">
      <UniqueIdentifier>{83a966c7-b4bb-4eff-9c2c-3ff3c7b55a60}</UniqueIdentifier>
    </Filter>
    <Filter Include="External\PugiXml">
      <UniqueIdentifier>{2855ff7f-53a1-413d-a75b-18b4ade921dd}</UniqueIdentifier>
    </Filter>
    <Filter Include="Game">
      <UniqueIdentifier>{2c31555d-94b5-46b0-8307-f0fc46a9b90b}</UniqueIdentifier>
    </Filter>
    <Filter Include="Utils">
      <UniqueIdentifier>{2cad778a-d356-48b0-9fee-587f1bbb187e}</UniqueIdentifier>
    </Filter>
    <Filter Include="Game\Modules">
      <UniqueIdentifier>{91989a5c-3d11-4695-9428-d9e36c215f3a}</UniqueIdentifier>
    </Filter>
    <Filter Include="Game\Entities">
      <UniqueIdentifier>{f4a753a2-4bfd-4e32-9eca-cbe9e012d297}</UniqueIdentifier>
    </Filter>
    <Filter Include="Game\Utils">
      <UniqueIdentifier>{6437dab9-092a-493f-acae-319057f9b0ef}</UniqueIdentifier>
    </Filter>
    <Filter Include="Game\Entities\Enemies">
      <UniqueIdentifier>{9ecbeeb3-001a-4344-b3bc-ac3f74ef8667}</UniqueIdentifier>
    </Filter>
    <Filter Include="Game\Entities\Player">
      <UniqueIdentifier>{33a52b2b-ff83-4b69-ae94-9283fc4ee9fb}</UniqueIdentifier>
    </Filter>
    <Filter Include="Game\Entities\Items">
      <UniqueIdentifier>{1c826e1e-a6a0-473b-aee4-06654b025b76}</UniqueIdentifier>
    </Filter>
    <Filter Include="Game\Modules\GamePlay">
      <UniqueIdentifier>{3c7811ec-e181-4d18-a18a-4f7482af3f09}</UniqueIdentifier>
    </Filter>
    <Filter Include="Game\Modules\Core">
      <UniqueIdentifier>{ec1b0eb5-db07-471e-ba76-05b273de391a}</UniqueIdentifier>
    </Filter>
  </ItemGroup>
  <ItemGroup>
    <Xml Include="..\Output\config.xml" />
    <Xml Include="..\Output\save_game.xml" />
  </ItemGroup>
</Project>